{
  "nodes": {
    "crane": {
      "locked": {
        "lastModified": 1769737823,
        "narHash": "sha256-DrBaNpZ+sJ4stXm+0nBX7zqZT9t9P22zbk6m5YhQxS4=",
        "owner": "ipetkov",
        "repo": "crane",
        "rev": "b2f45c3830aa96b7456a4c4bc327d04d7a43e1ba",
        "type": "github"
      },
      "original": {
        "owner": "ipetkov",
        "repo": "crane",
        "type": "github"
      }
    },
    "flake-compat": {
      "flake": false,
      "locked": {
        "lastModified": 1761588595,
        "narHash": "sha256-XKUZz9zewJNUj46b4AJdiRZJAvSZ0Dqj2BNfXvFlJC4=",
        "owner": "edolstra",
        "repo": "flake-compat",
        "rev": "f387cd2afec9419c8ee37694406ca490c3f34ee5",
        "type": "github"
      },
      "original": {
        "owner": "edolstra",
        "repo": "flake-compat",
        "type": "github"
      }
    },
    "flake-compat_2": {
      "flake": false,
      "locked": {
        "lastModified": 1696426674,
        "narHash": "sha256-kvjfFW7WAETZlt09AgDn1MrtKzP7t90Vf7vypd3OL1U=",
        "owner": "edolstra",
        "repo": "flake-compat",
        "rev": "0f9255e01c2351cc7d116c072cb317785dd33b33",
        "type": "github"
      },
      "original": {
        "owner": "edolstra",
        "repo": "flake-compat",
        "type": "github"
      }
    },
    "flake-parts": {
      "inputs": {
        "nixpkgs-lib": "nixpkgs-lib"
      },
      "locked": {
        "lastModified": 1769996383,
        "narHash": "sha256-AnYjnFWgS49RlqX7LrC4uA+sCCDBj0Ry/WOJ5XWAsa0=",
        "owner": "hercules-ci",
        "repo": "flake-parts",
        "rev": "57928607ea566b5db3ad13af0e57e921e6b12381",
        "type": "github"
      },
      "original": {
        "owner": "hercules-ci",
        "repo": "flake-parts",
        "type": "github"
      }
    },
    "ghostty": {
      "inputs": {
        "flake-compat": "flake-compat",
        "home-manager": "home-manager",
        "nixpkgs": "nixpkgs",
        "systems": "systems",
        "zig": "zig",
        "zon2nix": "zon2nix"
      },
      "locked": {
        "lastModified": 1778978538,
        "narHash": "sha256-jas0VWnSkFk1sPpLav3vMFqHKRW+7Qzne6yQmXJ4dig=",
        "owner": "ghostty-org",
        "repo": "ghostty",
        "rev": "e90b7c9fadadb5b7f936506dfd4f995729093108",
        "type": "github"
      },
      "original": {
        "owner": "ghostty-org",
        "repo": "ghostty",
        "type": "github"
      }
    },
    "home-manager": {
      "inputs": {
        "nixpkgs": [
          "ghostty",
          "nixpkgs"
        ]
      },
      "locked": {
        "lastModified": 1770586272,
        "narHash": "sha256-Ucci8mu8QfxwzyfER2DQDbvW9t1BnTUJhBmY7ybralo=",
        "owner": "nix-community",
        "repo": "home-manager",
        "rev": "b1f916ba052341edc1f80d4b2399f1092a4873ca",
        "type": "github"
      },
      "original": {
        "owner": "nix-community",
        "repo": "home-manager",
        "type": "github"
      }
    },
    "home-manager_2": {
      "inputs": {
        "nixpkgs": [
          "nixpkgs"
        ]
      },
      "locked": {
        "lastModified": 1756261190,
        "narHash": "sha256-eiy0klFK5EVJLNilutR7grsZN/7Itj9DyD75eyOf83k=",
        "owner": "nix-community",
        "repo": "home-manager",
        "rev": "77f348da3176dc68b20a73dab94852a417daf361",
        "type": "github"
      },
      "original": {
        "owner": "nix-community",
        "repo": "home-manager",
        "type": "github"
      }
    },
    "home-manager_3": {
      "inputs": {
        "nixpkgs": [
          "zen-browser",
          "nixpkgs"
        ]
      },
      "locked": {
        "lastModified": 1769872935,
        "narHash": "sha256-07HMIGQ/WJeAQJooA7Kkg1SDKxhAiV6eodvOwTX6WKI=",
        "owner": "nix-community",
        "repo": "home-manager",
        "rev": "f4ad5068ee8e89e4a7c2e963e10dd35cd77b37b7",
        "type": "github"
      },
      "original": {
        "owner": "nix-community",
        "repo": "home-manager",
        "type": "github"
      }
    },
    "ignis": {
      "inputs": {
        "ignis-gvc": "ignis-gvc",
        "nixpkgs": [
          "nixpkgs"
        ]
      },
      "locked": {
        "lastModified": 1756202507,
        "narHash": "sha256-znQkYnIzL0NoKma2ltiaOrRpZDQYAJuQA4nPpSV5A+A=",
        "owner": "ignis-sh",
        "repo": "ignis",
        "rev": "3b7be57c28f5325a38207fd6bb73f4469be30734",
        "type": "github"
      },
      "original": {
        "owner": "ignis-sh",
        "repo": "ignis",
        "type": "github"
      }
    },
    "ignis-gvc": {
      "inputs": {
        "nixpkgs": [
          "ignis",
          "nixpkgs"
        ]
      },
      "locked": {
        "lastModified": 1754064086,
        "narHash": "sha256-ft5KvY2OYrWF+jEsfBL/Zx8Iuo2C10C6COk8wHwZw34=",
        "owner": "ignis-sh",
        "repo": "ignis-gvc",
        "rev": "f2c9f10d8b49cc38106a2f07a51ea959c6aa4e63",
        "type": "github"
      },
      "original": {
        "owner": "ignis-sh",
        "repo": "ignis-gvc",
        "type": "github"
      }
    },
    "nixpkgs": {
      "locked": {
        "lastModified": 1770537093,
        "narHash": "sha256-XV30uo8tXuxdzuV8l3sojmlPRLd/8tpMsOp4lNzLGUo=",
        "rev": "fef9403a3e4d31b0a23f0bacebbec52c248fbb51",
        "type": "tarball",
        "url": "https://releases.nixos.org/nixpkgs/nixpkgs-26.05pre942631.fef9403a3e4d/nixexprs.tar.xz"
      },
      "original": {
        "type": "tarball",
        "url": "https://channels.nixos.org/nixpkgs-unstable/nixexprs.tar.xz"
      }
    },
    "nixpkgs-latest": {
      "locked": {
        "lastModified": 1779357205,
        "narHash": "sha256-cCO8aTqss5x9Ky8GWkpY0Hy5fyTZEbtifSUV8QjSzic=",
        "owner": "nixos",
        "repo": "nixpkgs",
        "rev": "f83fc3c307e74bc5fd5adb7eb6b8b13ffd2a36e1",
        "type": "github"
      },
      "original": {
        "owner": "nixos",
        "ref": "nixos-unstable",
        "repo": "nixpkgs",
        "type": "github"
      }
    },
    "nixpkgs-lib": {
      "locked": {
        "lastModified": 1769909678,
        "narHash": "sha256-cBEymOf4/o3FD5AZnzC3J9hLbiZ+QDT/KDuyHXVJOpM=",
        "owner": "nix-community",
        "repo": "nixpkgs.lib",
        "rev": "72716169fe93074c333e8d0173151350670b824c",
        "type": "github"
      },
      "original": {
        "owner": "nix-community",
        "repo": "nixpkgs.lib",
        "type": "github"
      }
    },
    "nixpkgs_2": {
      "locked": {
        "lastModified": 1756266583,
        "narHash": "sha256-cr748nSmpfvnhqSXPiCfUPxRz2FJnvf/RjJGvFfaCsM=",
        "owner": "nixos",
        "repo": "nixpkgs",
        "rev": "8a6d5427d99ec71c64f0b93d45778c889005d9c2",
        "type": "github"
      },
      "original": {
        "owner": "nixos",
        "ref": "nixos-unstable",
        "repo": "nixpkgs",
        "type": "github"
      }
    },
    "nixpkgs_3": {
      "locked": {
        "lastModified": 1772542754,
        "narHash": "sha256-WGV2hy+VIeQsYXpsLjdr4GvHv5eECMISX1zKLTedhdg=",
        "owner": "NixOS",
        "repo": "nixpkgs",
        "rev": "8c809a146a140c5c8806f13399592dbcb1bb5dc4",
        "type": "github"
      },
      "original": {
        "owner": "NixOS",
        "ref": "nixos-unstable",
        "repo": "nixpkgs",
        "type": "github"
      }
    },
    "nixpkgs_4": {
      "locked": {
        "lastModified": 1769789167,
        "narHash": "sha256-kKB3bqYJU5nzYeIROI82Ef9VtTbu4uA3YydSk/Bioa8=",
        "owner": "NixOS",
        "repo": "nixpkgs",
        "rev": "62c8382960464ceb98ea593cb8321a2cf8f9e3e5",
        "type": "github"
      },
      "original": {
        "owner": "NixOS",
        "ref": "nixos-unstable",
        "repo": "nixpkgs",
        "type": "github"
      }
    },
    "quickshell": {
      "inputs": {
        "nixpkgs": [
          "nixpkgs"
        ]
      },
      "locked": {
        "lastModified": 1756352679,
        "narHash": "sha256-UkKaPXTPzT7HAcBOV4NlWx2GAEJaTf0eb5OX6Q6jPqg=",
        "owner": "quickshell-mirror",
        "repo": "quickshell",
        "rev": "f7597cdae2d537c5b12843599955856090dc49d5",
        "type": "github"
      },
      "original": {
        "owner": "quickshell-mirror",
        "repo": "quickshell",
        "type": "github"
      }
    },
    "root": {
      "inputs": {
        "ghostty": "ghostty",
        "home-manager": "home-manager_2",
        "ignis": "ignis",
        "nixpkgs": "nixpkgs_2",
        "nixpkgs-latest": "nixpkgs-latest",
        "quickshell": "quickshell",
        "vicinae": "vicinae",
        "zed-editor": "zed-editor",
        "zen-browser": "zen-browser",
        "zig-overlay": "zig-overlay"
      }
    },
    "rust-overlay": {
      "inputs": {
        "nixpkgs": [
          "zed-editor",
          "nixpkgs"
        ]
      },
      "locked": {
        "lastModified": 1777346187,
        "narHash": "sha256-oVxyGjpiIsrXhWTJVUOs38fZQkLjd0nZGOY9K7Kfot8=",
        "owner": "oxalica",
        "repo": "rust-overlay",
        "rev": "146e7bf7569b8288f24d41d806b9f584f7cfd5b5",
        "type": "github"
      },
      "original": {
        "owner": "oxalica",
        "repo": "rust-overlay",
        "type": "github"
      }
    },
    "systems": {
      "flake": false,
      "locked": {
        "lastModified": 1681028828,
        "narHash": "sha256-Vy1rq5AaRuLzOxct8nz4T6wlgyUR7zLU309k9mBC768=",
        "owner": "nix-systems",
        "repo": "default",
        "rev": "da67096a3b9bf56a91d16901293e51ba5b49a27e",
        "type": "github"
      },
      "original": {
        "owner": "nix-systems",
        "repo": "default",
        "type": "github"
      }
    },
    "systems_2": {
      "locked": {
        "lastModified": 1681028828,
        "narHash": "sha256-Vy1rq5AaRuLzOxct8nz4T6wlgyUR7zLU309k9mBC768=",
        "owner": "nix-systems",
        "repo": "default",
        "rev": "da67096a3b9bf56a91d16901293e51ba5b49a27e",
        "type": "github"
      },
      "original": {
        "owner": "nix-systems",
        "repo": "default",
        "type": "github"
      }
    },
    "systems_3": {
      "flake": false,
      "locked": {
        "lastModified": 1681028828,
        "narHash": "sha256-Vy1rq5AaRuLzOxct8nz4T6wlgyUR7zLU309k9mBC768=",
        "owner": "nix-systems",
        "repo": "default",
        "rev": "da67096a3b9bf56a91d16901293e51ba5b49a27e",
        "type": "github"
      },
      "original": {
        "owner": "nix-systems",
        "repo": "default",
        "type": "github"
      }
    },
    "vicinae": {
      "inputs": {
        "nixpkgs": "nixpkgs_3",
        "systems": "systems_2"
      },
      "locked": {
        "lastModified": 1778803930,
        "narHash": "sha256-64fuJcu8QMh3FWTuQ63s7cyxXZEj/mxFhA6eErk9OJs=",
        "owner": "vicinaehq",
        "repo": "vicinae",
        "rev": "87efb6f2024b9f7c39f0359227d521606dc15f00",
        "type": "github"
      },
      "original": {
        "owner": "vicinaehq",
        "repo": "vicinae",
        "type": "github"
      }
    },
    "zed-editor": {
      "inputs": {
        "crane": "crane",
        "flake-parts": "flake-parts",
        "nixpkgs": "nixpkgs_4",
        "rust-overlay": "rust-overlay"
      },
      "locked": {
        "lastModified": 1778959176,
        "narHash": "sha256-Xev9VeXyQ27gEcJvj4fr4xXNsUu6exCTEU7tLzhocuY=",
        "owner": "zed-industries",
        "repo": "zed",
        "rev": "f7ca86e6eeabd135645c4f25aa1ae83f5cf0231b",
        "type": "github"
      },
      "original": {
        "owner": "zed-industries",
        "repo": "zed",
        "type": "github"
      }
    },
    "zen-browser": {
      "inputs": {
        "home-manager": "home-manager_3",
        "nixpkgs": [
          "nixpkgs"
        ]
      },
      "locked": {
        "lastModified": 1770230276,
        "narHash": "sha256-Kx0G9tiq8w52sbHJhJ/NWtXA9DaiswVJ4mMSGzVi8bQ=",
        "owner": "0xc000022070",
        "repo": "zen-browser-flake",
        "rev": "1e3fd9868ba83159c1a094f98184c47e4e4470fd",
        "type": "github"
      },
      "original": {
        "owner": "0xc000022070",
        "repo": "zen-browser-flake",
        "type": "github"
      }
    },
    "zig": {
      "inputs": {
        "flake-compat": [
          "ghostty",
          "flake-compat"
        ],
        "nixpkgs": [
          "ghostty",
          "nixpkgs"
        ],
        "systems": [
          "ghostty",
          "systems"
        ]
      },
      "locked": {
        "lastModified": 1776789209,
        "narHash": "sha256-G6B7Q4TXn7MZ1mB+f9rymjsYF5PLWoSvmbxijb/99bw=",
        "owner": "mitchellh",
        "repo": "zig-overlay",
        "rev": "14fe971844e841297ddd2ce9783d6892b467af39",
        "type": "github"
      },
      "original": {
        "owner": "mitchellh",
        "repo": "zig-overlay",
        "type": "github"
      }
    },
    "zig-overlay": {
      "inputs": {
        "flake-compat": "flake-compat_2",
        "nixpkgs": [
          "nixpkgs"
        ],
        "systems": "systems_3"
      },
      "locked": {
        "lastModified": 1779498420,
        "narHash": "sha256-AFHHDy1ekxPNWkgr1SMFPPU2UEajrcynnmCfhHZqZzY=",
        "owner": "mitchellh",
        "repo": "zig-overlay",
        "rev": "22f597cfcbca163b46dda7e577a3772b7f89915b",
        "type": "github"
      },
      "original": {
        "owner": "mitchellh",
        "repo": "zig-overlay",
        "type": "github"
      }
    },
    "zig_2": {
      "inputs": {
        "nixpkgs": [
          "ghostty",
          "zon2nix",
          "nixpkgs"
        ]
      },
      "locked": {
        "lastModified": 1777234348,
        "narHash": "sha256-fKw44a4qbUuI5eTG8k0gPbqMV5TOrjYF35PBzsYgd2U=",
        "ref": "refs/heads/main",
        "rev": "2c781c0609ecda600ab98f98cca417bbd981bd53",
        "revCount": 1677,
        "type": "git",
        "url": "https://codeberg.org/jcollie/zig-overlay.git"
      },
      "original": {
        "type": "git",
        "url": "https://codeberg.org/jcollie/zig-overlay.git"
      }
    },
    "zon2nix": {
      "inputs": {
        "nixpkgs": [
          "ghostty",
          "nixpkgs"
        ],
        "zig": "zig_2"
      },
      "locked": {
        "lastModified": 1777314365,
        "narHash": "sha256-eLxQaD0wc96Neqkln8wHS0rNq/chPODifFkhwrwilEU=",
        "owner": "jcollie",
        "repo": "zon2nix",
        "rev": "a5a1d412ad1ab6305511997bbc92b3a9dd6cb784",
        "type": "github"
      },
      "original": {
        "owner": "jcollie",
        "ref": "main",
        "repo": "zon2nix",
        "type": "github"
      }
    }
  },
  "root": "root",
  "version": 7
}
